# This file is autogenerated, do not edit; changes may be undone by the next 'dep ensure'.


[[projects]]
  name = "github.com/cenkalti/backoff"
  packages = ["."]
  revision = "62661b46c4093e2c1f38d943e663db1a29873e80"
  version = "v2.1.0"

[[projects]]
  branch = "master"
  name = "github.com/dghubble/go-twitter"
  packages = ["twitter"]
  revision = "22c4b7bc9a27d64433c5c9c419311b53f899eac1"

[[projects]]
  name = "github.com/dghubble/oauth1"
  packages = ["."]
  revision = "f0fe2bff8fbf301b33359ca431e4afc90390aab0"
  version = "v0.5.0"

[[projects]]
  name = "github.com/dghubble/sling"
  packages = ["."]
  revision = "e2624bf29a7de45ab0802b09aea94ca0a7815c5f"
  version = "v1.2.0"

[[projects]]
  name = "github.com/go-ini/ini"
  packages = ["."]
  revision = "f55231ca73a76c1d61eb05fe0d64a1ccebf93cba"
  version = "v1.39.3"

[[projects]]
  name = "github.com/google/go-querystring"
  packages = ["query"]
  revision = "44c6ddd0a2342c386950e880b658017258da92fc"
  version = "v1.0.0"

[[projects]]
  name = "github.com/segmentio/kafka-go"
  packages = ["."]
  revision = "0b3aacc527812d4040e51211146a43545e82d670"
  version = "v0.2.2"

[solve-meta]
  analyzer-name = "dep"
  analyzer-version = 1
  inputs-digest = "f47f347f44ff018a9a7622fa1e8c49fb0570e871b151400035ecf0b7be03cfad"
  solver-name = "gps-cdcl"
  solver-version = 1
